
Microsoft Visual Studio Solution File, Format Version 12.00
# Visual Studio Version 17
VisualStudioVersion = 17.14.36429.23 d17.14
MinimumVisualStudioVersion = 10.0.40219.1
Project("{FAE04EC0-301F-11D3-BF4B-00C04F79EFBC}") = "Игровая Площадка", "Игровая Площадка\Игровая Площадка.csproj", "{E85C02BF-6957-49F0-A409-809C576C1436}"
EndProject
Global
	GlobalSection(SolutionConfigurationPlatforms) = preSolution
		Debug|Any CPU = Debug|Any CPU
		Release|Any CPU = Release|Any CPU
	EndGlobalSection
	GlobalSection(ProjectConfigurationPlatforms) = postSolution
		{E85C02BF-6957-49F0-A409-809C576C1436}.Debug|Any CPU.ActiveCfg = Debug|Any CPU
		{E85C02BF-6957-49F0-A409-809C576C1436}.Debug|Any CPU.Build.0 = Debug|Any CPU
		{E85C02BF-6957-49F0-A409-809C576C1436}.Release|Any CPU.ActiveCfg = Release|Any CPU
		{E85C02BF-6957-49F0-A409-809C576C1436}.Release|Any CPU.Build.0 = Release|Any CPU
	EndGlobalSection
	GlobalSection(SolutionProperties) = preSolution
		HideSolutionNode = FALSE
	EndGlobalSection
	GlobalSection(ExtensibilityGlobals) = postSolution
		SolutionGuid = {AD69F99F-7AAE-477B-AA78-47A1A97964FE}
	EndGlobalSection
EndGlobal
